<Solution>
  <Folder Name="/Элементы решения/" />
  <Project Path="../KnowledgeMatrixTestProject/KnowledgeMatrixTestProject.csproj" Id="1c29b876-4cbe-4486-bff1-f2fe72abdc2e" />
  <Project Path="../UsefullClassLibrary/GetQuestions.csproj" Id="ed093e30-e4a0-4ef0-b7bd-217092f63f5d" />
  <Project Path="Knowledge-Matrix.csproj" />
</Solution>
